// !$*UTF8*$!
{
	archiveVersion = 1;
	classes = {
	};
	objectVersion = 77;
	objects = {

/* Begin PBXBuildFile section */
		91E1D5592EB044EF00E341C3 /* HKFitnessApp Watch App.app in Embed Watch Content */ = {isa = PBXBuildFile; fileRef = 91E1D5582EB044EF00E341C3 /* HKFitnessApp Watch App.app */; settings = {ATTRIBUTES = (RemoveHeadersOnCopy, ); }; };
/* End PBXBuildFile section */

/* Begin PBXContainerItemProxy section */
		91E1D55A2EB044EF00E341C3 /* PBXContainerItemProxy */ = {
			isa = PBXContainerItemProxy;
			containerPortal = 91E1D54C2EB044EF00E341C3 /* Project object */;
			proxyType = 1;
			remoteGlobalIDString = 91E1D5572EB044EF00E341C3;
			remoteInfo = "HKFitnessApp Watch App";
		};
/* End PBXContainerItemProxy section */

/* Begin PBXCopyFilesBuildPhase section */
		91E1D5682EB044F100E341C3 /* Embed Watch Content */ = {
			isa = PBXCopyFilesBuildPhase;
			buildActionMask = 2147483647;
			dstPath = "$(CONTENTS_FOLDER_PATH)/Watch";
			dstSubfolderSpec = 16;
			files = (
				91E1D5592EB044EF00E341C3 /* HKFitnessApp Watch App.app in Embed Watch Content */,
			);
			name = "Embed Watch Content";
			runOnlyForDeploymentPostprocessing = 0;
		};
/* End PBXCopyFilesBuildPhase section */

/* Begin PBXFileReference section */
		91E1D5522EB044EF00E341C3 /* HKFitnessApp.app */ = {isa = PBXFileReference; explicitFileType = wrapper.application; includeInIndex = 0; path = HKFitnessApp.app; sourceTree = BUILT_PRODUCTS_DIR; };
		91E1D5582EB044EF00E341C3 /* HKFitnessApp Watch App.app */ = {isa = PBXFileReference; explicitFileType = wrapper.application; includeInIndex = 0; path = "HKFitnessApp Watch App.app"; sourceTree = BUILT_PRODUCTS_DIR; };
/* End PBXFileReference section */

/* Begin PBXFileSystemSynchronizedBuildFileExceptionSet section */
		91E1D5972EB05E2C00E341C3 /* Exceptions for "HKFitnessApp Watch App" folder in "HKFitnessApp Watch App" target */ = {
			isa = PBXFileSystemSynchronizedBuildFileExceptionSet;
			membershipExceptions = (
				Configuration/Info.plist,
			);
			target = 91E1D5572EB044EF00E341C3 /* HKFitnessApp Watch App */;
		};
/* End PBXFileSystemSynchronizedBuildFileExceptionSet section */

/* Begin PBXFileSystemSynchronizedRootGroup section */
		91E1D55C2EB044EF00E341C3 /* HKFitnessApp Watch App */ = {
			isa = PBXFileSystemSynchronizedRootGroup;
			exceptions = (
				91E1D5972EB05E2C00E341C3 /* Exceptions for "HKFitnessApp Watch App" folder in "HKFitnessApp Watch App" target */,
			);
			path = "HKFitnessApp Watch App";
			sourceTree = "<group>";
		};
/* End PBXFileSystemSynchronizedRootGroup section */

/* Begin PBXFrameworksBuildPhase section */
		91E1D5552EB044EF00E341C3 /* Frameworks */ = {
			isa = PBXFrameworksBuildPhase;
			buildActionMask = 2147483647;
			files = (
			);
			runOnlyForDeploymentPostprocessing = 0;
		};
/* End PBXFrameworksBuildPhase section */

/* Begin PBXGroup section */
		91E1D54B2EB044EF00E341C3 = {
			isa = PBXGroup;
			children = (
				91E1D55C2EB044EF00E341C3 /* HKFitnessApp Watch App */,
				91E1D5532EB044EF00E341C3 /* Products */,
			);
			sourceTree = "<group>";
		};
		91E1D5532EB044EF00E341C3 /* Products */ = {
			isa = PBXGroup;
			children = (
				91E1D5522EB044EF00E341C3 /* HKFitnessApp.app */,
				91E1D5582EB044EF00E341C3 /* HKFitnessApp Watch App.app */,
			);
			name = Products;
			sourceTree = "<group>";
		};
/* End PBXGroup section */

/* Begin PBXNativeTarget section */
		91E1D5512EB044EF00E341C3 /* HKFitnessApp */ = {
			isa = PBXNativeTarget;
			buildConfigurationList = 91E1D5692EB044F100E341C3 /* Build configuration list for PBXNativeTarget "HKFitnessApp" */;
			buildPhases = (
				91E1D5502EB044EF00E341C3 /* Resources */,
				91E1D5682EB044F100E341C3 /* Embed Watch Content */,
			);
			buildRules = (
			);
			dependencies = (
				91E1D55B2EB044EF00E341C3 /* PBXTargetDependency */,
			);
			name = HKFitnessApp;
			packageProductDependencies = (
			);
			productName = HKFitnessApp;
			productReference = 91E1D5522EB044EF00E341C3 /* HKFitnessApp.app */;
			productType = "com.apple.product-type.application.watchapp2-container";
		};
		91E1D5572EB044EF00E341C3 /* HKFitnessApp Watch App */ = {
			isa = PBXNativeTarget;
			buildConfigurationList = 91E1D5652EB044F100E341C3 /* Build configuration list for PBXNativeTarget "HKFitnessApp Watch App" */;
			buildPhases = (
				91E1D5542EB044EF00E341C3 /* Sources */,
				91E1D5552EB044EF00E341C3 /* Frameworks */,
				91E1D5562EB044EF00E341C3 /* Resources */,
			);
			buildRules = (
			);
			dependencies = (
			);
			fileSystemSynchronizedGroups = (
				91E1D55C2EB044EF00E341C3 /* HKFitnessApp Watch App */,
			);
			name = "HKFitnessApp Watch App";
			packageProductDependencies = (
			);
			productName = "HKFitnessApp Watch App";
			productReference = 91E1D5582EB044EF00E341C3 /* HKFitnessApp Watch App.app */;
			productType = "com.apple.product-type.application";
		};
/* End PBXNativeTarget section */

/* Begin PBXProject section */
		91E1D54C2EB044EF00E341C3 /* Project object */ = {
			isa = PBXProject;
			attributes = {
				BuildIndependentTargetsInParallel = 1;
				LastSwiftUpdateCheck = 2600;
				LastUpgradeCheck = 2600;
				TargetAttributes = {
					91E1D5512EB044EF00E341C3 = {
						CreatedOnToolsVersion = 26.0.1;
					};
					91E1D5572EB044EF00E341C3 = {
						CreatedOnToolsVersion = 26.0.1;
					};
				};
			};
			buildConfigurationList = 91E1D54F2EB044EF00E341C3 /* Build configuration list for PBXProject "HKFitnessApp" */;
			developmentRegion = en;
			hasScannedForEncodings = 0;
			knownRegions = (
				en,
				Base,
			);
			mainGroup = 91E1D54B2EB044EF00E341C3;
			minimizedProjectReferenceProxies = 1;
			preferredProjectObjectVersion = 77;
			productRefGroup = 91E1D5532EB044EF00E341C3 /* Products */;
			projectDirPath = "";
			projectRoot = "";
			targets = (
				91E1D5512EB044EF00E341C3 /* HKFitnessApp */,
				91E1D5572EB044EF00E341C3 /* HKFitnessApp Watch App */,
			);
		};
/* End PBXProject section */

/* Begin PBXResourcesBuildPhase section */
		91E1D5502EB044EF00E341C3 /* Resources */ = {
			isa = PBXResourcesBuildPhase;
			buildActionMask = 2147483647;
			files = (
			);
			runOnlyForDeploymentPostprocessing = 0;
		};
		91E1D5562EB044EF00E341C3 /* Resources */ = {
			isa = PBXResourcesBuildPhase;
			buildActionMask = 2147483647;
			files = (
			);
			runOnlyForDeploymentPostprocessing = 0;
		};
/* End PBXResourcesBuildPhase section */

/* Begin PBXSourcesBuildPhase section */
		91E1D5542EB044EF00E341C3 /* Sources */ = {
			isa = PBXSourcesBuildPhase;
			buildActionMask = 2147483647;
			files = (
			);
			runOnlyForDeploymentPostprocessing = 0;
		};
/* End PBXSourcesBuildPhase section */

/* Begin PBXTargetDependency section */
		91E1D55B2EB044EF00E341C3 /* PBXTargetDependency */ = {
			isa = PBXTargetDependency;
			target = 91E1D5572EB044EF00E341C3 /* HKFitnessApp Watch App */;
			targetProxy = 91E1D55A2EB044EF00E341C3 /* PBXContainerItemProxy */;
		};
/* End PBXTargetDependency section */

/* Begin XCBuildConfiguration section */
		91E1D5632EB044F100E341C3 /* Debug */ = {
			isa = XCBuildConfiguration;
			buildSettings = {
				ALWAYS_SEARCH_USER_PATHS = NO;
				ASSETCATALOG_COMPILER_GENERATE_SWIFT_ASSET_SYMBOL_EXTENSIONS = YES;
				CLANG_ANALYZER_NONNULL = YES;
				CLANG_ANALYZER_NUMBER_OBJECT_CONVERSION = YES_AGGRESSIVE;
				CLANG_CXX_LANGUAGE_STANDARD = "gnu++20";
				CLANG_ENABLE_MODULES = YES;
				CLANG_ENABLE_OBJC_ARC = YES;
				CLANG_ENABLE_OBJC_WEAK = YES;
				CLANG_WARN_BLOCK_CAPTURE_AUTORELEASING = YES;
				CLANG_WARN_BOOL_CONVERSION = YES;
				CLANG_WARN_COMMA = YES;
				CLANG_WARN_CONSTANT_CONVERSION = YES;
				CLANG_WARN_DEPRECATED_OBJC_IMPLEMENTATIONS = YES;
				CLANG_WARN_DIRECT_OBJC_ISA_USAGE = YES_ERROR;
				CLANG_WARN_DOCUMENTATION_COMMENTS = YES;
				CLANG_WARN_EMPTY_BODY = YES;
				CLANG_WARN_ENUM_CONVERSION = YES;
				CLANG_WARN_INFINITE_RECURSION = YES;
				CLANG_WARN_INT_CONVERSION = YES;
				CLANG_WARN_NON_LITERAL_NULL_CONVERSION = YES;
				CLANG_WARN_OBJC_IMPLICIT_RETAIN_SELF = YES;
				CLANG_WARN_OBJC_LITERAL_CONVERSION = YES;
				CLANG_WARN_OBJC_ROOT_CLASS = YES_ERROR;
				CLANG_WARN_QUOTED_INCLUDE_IN_FRAMEWORK_HEADER = YES;
				CLANG_WARN_RANGE_LOOP_ANALYSIS = YES;
				CLANG_WARN_STRICT_PROTOTYPES = YES;
				CLANG_WARN_SUSPICIOUS_MOVE = YES;
				CLANG_WARN_UNGUARDED_AVAILABILITY = YES_AGGRESSIVE;
				CLANG_WARN_UNREACHABLE_CODE = YES;
				CLANG_WARN__DUPLICATE_METHOD_MATCH = YES;
				COPY_PHASE_STRIP = NO;
				DEBUG_INFORMATION_FORMAT = dwarf;
				DEVELOPMENT_TEAM = 8344Y5PFV3;
				ENABLE_STRICT_OBJC_MSGSEND = YES;
				ENABLE_TESTABILITY = YES;
				ENABLE_USER_SCRIPT_SANDBOXING = YES;
				GCC_C_LANGUAGE_STANDARD = gnu17;
				GCC_DYNAMIC_NO_PIC = NO;
				GCC_NO_COMMON_BLOCKS = YES;
				GCC_OPTIMIZATION_LEVEL = 0;
				GCC_PREPROCESSOR_DEFINITIONS = (
					"DEBUG=1",
					"$(inherited)",
				);
				GCC_WARN_64_TO_32_BIT_CONVERSION = YES;
				GCC_WARN_ABOUT_RETURN_TYPE = YES_ERROR;
				GCC_WARN_UNDECLARED_SELECTOR = YES;
				GCC_WARN_UNINITIALIZED_AUTOS = YES_AGGRESSIVE;
				GCC_WARN_UNUSED_FUNCTION = YES;
				GCC_WARN_UNUSED_VARIABLE = YES;
				LOCALIZATION_PREFERS_STRING_CATALOGS = YES;
				MTL_ENABLE_DEBUG_INFO = INCLUDE_SOURCE;
				MTL_FAST_MATH = YES;
				ONLY_ACTIVE_ARCH = YES;
				SWIFT_ACTIVE_COMPILATION_CONDITIONS = "DEBUG $(inherited)";
				SWIFT_OPTIMIZATION_LEVEL = "-Onone";
			};
			name = Debug;
		};
		91E1D5642EB044F100E341C3 /* Release */ = {
			isa = XCBuildConfiguration;
			buildSettings = {
				ALWAYS_SEARCH_USER_PATHS = NO;
				ASSETCATALOG_COMPILER_GENERATE_SWIFT_ASSET_SYMBOL_EXTENSIONS = YES;
				CLANG_ANALYZER_NONNULL = YES;
				CLANG_ANALYZER_NUMBER_OBJECT_CONVERSION = YES_AGGRESSIVE;
				CLANG_CXX_LANGUAGE_STANDARD = "gnu++20";
				CLANG_ENABLE_MODULES = YES;
				CLANG_ENABLE_OBJC_ARC = YES;
				CLANG_ENABLE_OBJC_WEAK = YES;
				CLANG_WARN_BLOCK_CAPTURE_AUTORELEASING = YES;
				CLANG_WARN_BOOL_CONVERSION = YES;
				CLANG_WARN_COMMA = YES;
				CLANG_WARN_CONSTANT_CONVERSION = YES;
				CLANG_WARN_DEPRECATED_OBJC_IMPLEMENTATIONS = YES;
				CLANG_WARN_DIRECT_OBJC_ISA_USAGE = YES_ERROR;
				CLANG_WARN_DOCUMENTATION_COMMENTS = YES;
				CLANG_WARN_EMPTY_BODY = YES;
				CLANG_WARN_ENUM_CONVERSION = YES;
				CLANG_WARN_INFINITE_RECURSION = YES;
				CLANG_WARN_INT_CONVERSION = YES;
				CLANG_WARN_NON_LITERAL_NULL_CONVERSION = YES;
				CLANG_WARN_OBJC_IMPLICIT_RETAIN_SELF = YES;
				CLANG_WARN_OBJC_LITERAL_CONVERSION = YES;
				CLANG_WARN_OBJC_ROOT_CLASS = YES_ERROR;
				CLANG_WARN_QUOTED_INCLUDE_IN_FRAMEWORK_HEADER = YES;
				CLANG_WARN_RANGE_LOOP_ANALYSIS = YES;
				CLANG_WARN_STRICT_PROTOTYPES = YES;
				CLANG_WARN_SUSPICIOUS_MOVE = YES;
				CLANG_WARN_UNGUARDED_AVAILABILITY = YES_AGGRESSIVE;
				CLANG_WARN_UNREACHABLE_CODE = YES;
				CLANG_WARN__DUPLICATE_METHOD_MATCH = YES;
				COPY_PHASE_STRIP = NO;
				DEBUG_INFORMATION_FORMAT = "dwarf-with-dsym";
				DEVELOPMENT_TEAM = 8344Y5PFV3;
				ENABLE_NS_ASSERTIONS = NO;
				ENABLE_STRICT_OBJC_MSGSEND = YES;
				ENABLE_USER_SCRIPT_SANDBOXING = YES;
				GCC_C_LANGUAGE_STANDARD = gnu17;
				GCC_NO_COMMON_BLOCKS = YES;
				GCC_WARN_64_TO_32_BIT_CONVERSION = YES;
				GCC_WARN_ABOUT_RETURN_TYPE = YES_ERROR;
				GCC_WARN_UNDECLARED_SELECTOR = YES;
				GCC_WARN_UNINITIALIZED_AUTOS = YES_AGGRESSIVE;
				GCC_WARN_UNUSED_FUNCTION = YES;
				GCC_WARN_UNUSED_VARIABLE = YES;
				LOCALIZATION_PREFERS_STRING_CATALOGS = YES;
				MTL_ENABLE_DEBUG_INFO = NO;
				MTL_FAST_MATH = YES;
				SWIFT_COMPILATION_MODE = wholemodule;
			};
			name = Release;
		};
		91E1D5662EB044F100E341C3 /* Debug */ = {
			isa = XCBuildConfiguration;
			buildSettings = {
				ASSETCATALOG_COMPILER_APPICON_NAME = AppIcon;
				ASSETCATALOG_COMPILER_GLOBAL_ACCENT_COLOR_NAME = AccentColor;
				CODE_SIGN_ENTITLEMENTS = "HKFitnessApp Watch App/HKFitnessApp Watch App.entitlements";
				CODE_SIGN_STYLE = Automatic;
				CURRENT_PROJECT_VERSION = 1;
				DEVELOPMENT_TEAM = 8344Y5PFV3;
				ENABLE_PREVIEWS = YES;
				GENERATE_INFOPLIST_FILE = YES;
				INFOPLIST_KEY_CFBundleDisplayName = HKFitnessApp;
				INFOPLIST_KEY_NSHealthShareUsageDescription = "HKFitness needs access to your heart rate, steps, and active energy data to monitor your health";
				INFOPLIST_KEY_NSHealthUpdateUsageDescription = "HKFitness needs to save health data to track your fitness progress.";
				INFOPLIST_KEY_UISupportedInterfaceOrientations = "UIInterfaceOrientationPortrait UIInterfaceOrientationPortraitUpsideDown";
				INFOPLIST_KEY_WKWatchOnly = YES;
				LD_RUNPATH_SEARCH_PATHS = (
					"$(inherited)",
					"@executable_path/Frameworks",
				);
				MARKETING_VERSION = 1.0;
				PRODUCT_BUNDLE_IDENTIFIER = com.roy.HKFitnessApp.watchkitapp;
				PRODUCT_NAME = "$(TARGET_NAME)";
				SDKROOT = watchos;
				SKIP_INSTALL = YES;
				STRING_CATALOG_GENERATE_SYMBOLS = YES;
				SWIFT_APPROACHABLE_CONCURRENCY = YES;
				SWIFT_DEFAULT_ACTOR_ISOLATION = MainActor;
				SWIFT_EMIT_LOC_STRINGS = YES;
				SWIFT_UPCOMING_FEATURE_MEMBER_IMPORT_VISIBILITY = YES;
				SWIFT_VERSION = 5.0;
				TARGETED_DEVICE_FAMILY = 4;
				WATCHOS_DEPLOYMENT_TARGET = 26.0;
			};
			name = Debug;
		};
		91E1D5672EB044F100E341C3 /* Release */ = {
			isa = XCBuildConfiguration;
			buildSettings = {
				ASSETCATALOG_COMPILER_APPICON_NAME = AppIcon;
				ASSETCATALOG_COMPILER_GLOBAL_ACCENT_COLOR_NAME = AccentColor;
				CODE_SIGN_ENTITLEMENTS = "HKFitnessApp Watch App/HKFitnessApp Watch App.entitlements";
				CODE_SIGN_STYLE = Automatic;
				CURRENT_PROJECT_VERSION = 1;
				DEVELOPMENT_TEAM = 8344Y5PFV3;
				ENABLE_PREVIEWS = YES;
				GENERATE_INFOPLIST_FILE = YES;
				"INFOPLIST_FILE[sdk=*]" = "HKFitnessAppWatch App/Info.plist";
				INFOPLIST_KEY_CFBundleDisplayName = HKFitnessApp;
				INFOPLIST_KEY_NSHealthShareUsageDescription = "HKFitness needs access to your heart rate, steps, and active energy data to monitor your health";
				INFOPLIST_KEY_NSHealthUpdateUsageDescription = "HKFitness needs to save health data to track your fitness progress.";
				INFOPLIST_KEY_UISupportedInterfaceOrientations = "UIInterfaceOrientationPortrait UIInterfaceOrientationPortraitUpsideDown";
				INFOPLIST_KEY_WKWatchOnly = YES;
				LD_RUNPATH_SEARCH_PATHS = (
					"$(inherited)",
					"@executable_path/Frameworks",
				);
				MARKETING_VERSION = 1.0;
				PRODUCT_BUNDLE_IDENTIFIER = com.roy.HKFitnessApp.watchkitapp;
				PRODUCT_NAME = "$(TARGET_NAME)";
				SDKROOT = watchos;
				SKIP_INSTALL = YES;
				STRING_CATALOG_GENERATE_SYMBOLS = YES;
				SWIFT_APPROACHABLE_CONCURRENCY = YES;
				SWIFT_DEFAULT_ACTOR_ISOLATION = MainActor;
				SWIFT_EMIT_LOC_STRINGS = YES;
				SWIFT_UPCOMING_FEATURE_MEMBER_IMPORT_VISIBILITY = YES;
				SWIFT_VERSION = 5.0;
				TARGETED_DEVICE_FAMILY = 4;
				VALIDATE_PRODUCT = YES;
				WATCHOS_DEPLOYMENT_TARGET = 26.0;
			};
			name = Release;
		};
		91E1D56A2EB044F100E341C3 /* Debug */ = {
			isa = XCBuildConfiguration;
			buildSettings = {
				CODE_SIGN_STYLE = Automatic;
				CURRENT_PROJECT_VERSION = 1;
				DEVELOPMENT_TEAM = 8344Y5PFV3;
				INFOPLIST_KEY_CFBundleDisplayName = HKFitnessApp;
				MARKETING_VERSION = 1.0;
				PRODUCT_BUNDLE_IDENTIFIER = com.example.app.HKFitnessApp;
				PRODUCT_NAME = "$(TARGET_NAME)";
				SDKROOT = iphoneos;
				SWIFT_APPROACHABLE_CONCURRENCY = YES;
				SWIFT_UPCOMING_FEATURE_MEMBER_IMPORT_VISIBILITY = YES;
				SWIFT_VERSION = 5.0;
			};
			name = Debug;
		};
		91E1D56B2EB044F100E341C3 /* Release */ = {
			isa = XCBuildConfiguration;
			buildSettings = {
				CODE_SIGN_STYLE = Automatic;
				CURRENT_PROJECT_VERSION = 1;
				DEVELOPMENT_TEAM = 8344Y5PFV3;
				INFOPLIST_KEY_CFBundleDisplayName = HKFitnessApp;
				MARKETING_VERSION = 1.0;
				PRODUCT_BUNDLE_IDENTIFIER = com.example.app.HKFitnessApp;
				PRODUCT_NAME = "$(TARGET_NAME)";
				SDKROOT = iphoneos;
				SWIFT_APPROACHABLE_CONCURRENCY = YES;
				SWIFT_UPCOMING_FEATURE_MEMBER_IMPORT_VISIBILITY = YES;
				SWIFT_VERSION = 5.0;
				VALIDATE_PRODUCT = YES;
			};
			name = Release;
		};
/* End XCBuildConfiguration section */

/* Begin XCConfigurationList section */
		91E1D54F2EB044EF00E341C3 /* Build configuration list for PBXProject "HKFitnessApp" */ = {
			isa = XCConfigurationList;
			buildConfigurations = (
				91E1D5632EB044F100E341C3 /* Debug */,
				91E1D5642EB044F100E341C3 /* Release */,
			);
			defaultConfigurationIsVisible = 0;
			defaultConfigurationName = Release;
		};
		91E1D5652EB044F100E341C3 /* Build configuration list for PBXNativeTarget "HKFitnessApp Watch App" */ = {
			isa = XCConfigurationList;
			buildConfigurations = (
				91E1D5662EB044F100E341C3 /* Debug */,
				91E1D5672EB044F100E341C3 /* Release */,
			);
			defaultConfigurationIsVisible = 0;
			defaultConfigurationName = Release;
		};
		91E1D5692EB044F100E341C3 /* Build configuration list for PBXNativeTarget "HKFitnessApp" */ = {
			isa = XCConfigurationList;
			buildConfigurations = (
				91E1D56A2EB044F100E341C3 /* Debug */,
				91E1D56B2EB044F100E341C3 /* Release */,
			);
			defaultConfigurationIsVisible = 0;
			defaultConfigurationName = Release;
		};
/* End XCConfigurationList section */
	};
	rootObject = 91E1D54C2EB044EF00E341C3 /* Project object */;
}
